// !$*UTF8*$!
{
	archiveVersion = 1;
	classes = {
	};
	objectVersion = 56;
	objects = {

/* Begin PBXBuildFile section */
		2CC5D84EFEFCB91BF7A3E4EA /* libPods-SwiftInvalidUITests.a in Frameworks */ = {isa = PBXBuildFile; fileRef = 45A2E871260111231AF94767 /* libPods-SwiftInvalidUITests.a */; };
		78B756941421E401DC6A05C4 /* libPods-SwiftInvalidTests.a in Frameworks */ = {isa = PBXBuildFile; fileRef = FFBF99D4D19EEB633F3062A5 /* libPods-SwiftInvalidTests.a */; };
		8435C02A2991537700413405 /* AppDelegate.swift in Sources */ = {isa = PBXBuildFile; fileRef = 8435C0292991537700413405 /* AppDelegate.swift */; };
		8435C02C2991537700413405 /* SceneDelegate.swift in Sources */ = {isa = PBXBuildFile; fileRef = 8435C02B2991537700413405 /* SceneDelegate.swift */; };
		8435C02E2991537700413405 /* ViewController.swift in Sources */ = {isa = PBXBuildFile; fileRef = 8435C02D2991537700413405 /* ViewController.swift */; };
		8435C0312991537700413405 /* Main.storyboard in Resources */ = {isa = PBXBuildFile; fileRef = 8435C02F2991537700413405 /* Main.storyboard */; };
		8435C0332991537800413405 /* Assets.xcassets in Resources */ = {isa = PBXBuildFile; fileRef = 8435C0322991537800413405 /* Assets.xcassets */; };
		8435C0362991537800413405 /* LaunchScreen.storyboard in Resources */ = {isa = PBXBuildFile; fileRef = 8435C0342991537800413405 /* LaunchScreen.storyboard */; };
		8435C0412991537800413405 /* SwiftInvalidTests.swift in Sources */ = {isa = PBXBuildFile; fileRef = 8435C0402991537800413405 /* SwiftInvalidTests.swift */; };
		8435C04B2991537800413405 /* SwiftInvalidUITests.swift in Sources */ = {isa = PBXBuildFile; fileRef = 8435C04A2991537800413405 /* SwiftInvalidUITests.swift */; };
		8435C04D2991537800413405 /* SwiftInvalidUITestsLaunchTests.swift in Sources */ = {isa = PBXBuildFile; fileRef = 8435C04C2991537800413405 /* SwiftInvalidUITestsLaunchTests.swift */; };
		8435C05D299157EC00413405 /* TabBar.storyboard in Resources */ = {isa = PBXBuildFile; fileRef = 8435C05C299157EC00413405 /* TabBar.storyboard */; };
		8435C05F29915C4600413405 /* TabBarController.swift in Sources */ = {isa = PBXBuildFile; fileRef = 8435C05E29915C4600413405 /* TabBarController.swift */; };
		8435C06529915D6700413405 /* HomeViewController.swift in Sources */ = {isa = PBXBuildFile; fileRef = 8435C06429915D6700413405 /* HomeViewController.swift */; };
		8435C06729915D7800413405 /* LearnViewController.swift in Sources */ = {isa = PBXBuildFile; fileRef = 8435C06629915D7800413405 /* LearnViewController.swift */; };
		8435C06929915D8900413405 /* ProgressViewController.swift in Sources */ = {isa = PBXBuildFile; fileRef = 8435C06829915D8900413405 /* ProgressViewController.swift */; };
		8435C06B29915D9900413405 /* ForUsViewController.swift in Sources */ = {isa = PBXBuildFile; fileRef = 8435C06A29915D9900413405 /* ForUsViewController.swift */; };
		8435C06D299163E600413405 /* LearnTableViewCell.swift in Sources */ = {isa = PBXBuildFile; fileRef = 8435C06C299163E600413405 /* LearnTableViewCell.swift */; };
		8448498E29D32D2300FC1CF5 /* StringsAndSymbolsViewController.swift in Sources */ = {isa = PBXBuildFile; fileRef = 8448498D29D32D2300FC1CF5 /* StringsAndSymbolsViewController.swift */; };
		8448499029D32D4E00FC1CF5 /* StringLiteralsViewController.swift in Sources */ = {isa = PBXBuildFile; fileRef = 8448498F29D32D4E00FC1CF5 /* StringLiteralsViewController.swift */; };
		8448499229D32D6800FC1CF5 /* InitializationViewController.swift in Sources */ = {isa = PBXBuildFile; fileRef = 8448499129D32D6800FC1CF5 /* InitializationViewController.swift */; };
		8448499429D32D9800FC1CF5 /* ConcatenationViewController.swift in Sources */ = {isa = PBXBuildFile; fileRef = 8448499329D32D9800FC1CF5 /* ConcatenationViewController.swift */; };
		8448499629D32DAE00FC1CF5 /* InterpolationViewController.swift in Sources */ = {isa = PBXBuildFile; fileRef = 8448499529D32DAE00FC1CF5 /* InterpolationViewController.swift */; };
		8448499829D32DCA00FC1CF5 /* UnicodeViewController.swift in Sources */ = {isa = PBXBuildFile; fileRef = 8448499729D32DCA00FC1CF5 /* UnicodeViewController.swift */; };
		8448499A29D32DE700FC1CF5 /* CountingСharactersViewController.swift in Sources */ = {isa = PBXBuildFile; fileRef = 8448499929D32DE700FC1CF5 /* CountingСharactersViewController.swift */; };
		8448499C29D32E0B00FC1CF5 /* ModificationViewController.swift in Sources */ = {isa = PBXBuildFile; fileRef = 8448499B29D32E0B00FC1CF5 /* ModificationViewController.swift */; };
		8448499E29D32E2400FC1CF5 /* SubstringsViewController.swift in Sources */ = {isa = PBXBuildFile; fileRef = 8448499D29D32E2400FC1CF5 /* SubstringsViewController.swift */; };
		844849A029D32E4200FC1CF5 /* StringAlignmentViewController.swift in Sources */ = {isa = PBXBuildFile; fileRef = 8448499F29D32E4200FC1CF5 /* StringAlignmentViewController.swift */; };
		844849A329D330C000FC1CF5 /* BasicOperatorsViewController.swift in Sources */ = {isa = PBXBuildFile; fileRef = 844849A229D330C000FC1CF5 /* BasicOperatorsViewController.swift */; };
		844849A529D330E400FC1CF5 /* AssignmentOperatorsViewController.swift in Sources */ = {isa = PBXBuildFile; fileRef = 844849A429D330E400FC1CF5 /* AssignmentOperatorsViewController.swift */; };
		844849A729D3310100FC1CF5 /* ArithmeticOperatorsViewController.swift in Sources */ = {isa = PBXBuildFile; fileRef = 844849A629D3310100FC1CF5 /* ArithmeticOperatorsViewController.swift */; };
		844849A929D3311B00FC1CF5 /* CompoundOperatorsViewController.swift in Sources */ = {isa = PBXBuildFile; fileRef = 844849A829D3311B00FC1CF5 /* CompoundOperatorsViewController.swift */; };
		844849AB29D3313700FC1CF5 /* TernaryOperatorViewController.swift in Sources */ = {isa = PBXBuildFile; fileRef = 844849AA29D3313700FC1CF5 /* TernaryOperatorViewController.swift */; };
		844849AD29D3315B00FC1CF5 /* TheUnionOperatorViewController.swift in Sources */ = {isa = PBXBuildFile; fileRef = 844849AC29D3315B00FC1CF5 /* TheUnionOperatorViewController.swift */; };
		844849AF29D3317400FC1CF5 /* RangeOperatorViewController.swift in Sources */ = {isa = PBXBuildFile; fileRef = 844849AE29D3317400FC1CF5 /* RangeOperatorViewController.swift */; };
		844849B129D3318900FC1CF5 /* LogicalOperatorsViewController.swift in Sources */ = {isa = PBXBuildFile; fileRef = 844849B029D3318900FC1CF5 /* LogicalOperatorsViewController.swift */; };
		844849B329D331BC00FC1CF5 /* ComparisonOperatorsViewController.swift in Sources */ = {isa = PBXBuildFile; fileRef = 844849B229D331BC00FC1CF5 /* ComparisonOperatorsViewController.swift */; };
		844849B629D332D400FC1CF5 /* FlowControlViewController.swift in Sources */ = {isa = PBXBuildFile; fileRef = 844849B529D332D400FC1CF5 /* FlowControlViewController.swift */; };
		844849B829D3330300FC1CF5 /* CyclesForInViewController.swift in Sources */ = {isa = PBXBuildFile; fileRef = 844849B729D3330300FC1CF5 /* CyclesForInViewController.swift */; };
		844849BA29D3331900FC1CF5 /* CyclesWhileViewController.swift in Sources */ = {isa = PBXBuildFile; fileRef = 844849B929D3331900FC1CF5 /* CyclesWhileViewController.swift */; };
		844849BC29D3334B00FC1CF5 /* ConditionalInstructionsViewController.swift in Sources */ = {isa = PBXBuildFile; fileRef = 844849BB29D3334B00FC1CF5 /* ConditionalInstructionsViewController.swift */; };
		844849BE29D3336600FC1CF5 /* TransmissionOperatorsViewController.swift in Sources */ = {isa = PBXBuildFile; fileRef = 844849BD29D3336600FC1CF5 /* TransmissionOperatorsViewController.swift */; };
		844849C029D3337C00FC1CF5 /* EarlyExitViewController.swift in Sources */ = {isa = PBXBuildFile; fileRef = 844849BF29D3337C00FC1CF5 /* EarlyExitViewController.swift */; };
		844849C429D3353400FC1CF5 /* FunctionsViewController.swift in Sources */ = {isa = PBXBuildFile; fileRef = 844849C329D3353400FC1CF5 /* FunctionsViewController.swift */; };
		844849C629D3355600FC1CF5 /* AnnouncementAndChallengeViewController.swift in Sources */ = {isa = PBXBuildFile; fileRef = 844849C529D3355600FC1CF5 /* AnnouncementAndChallengeViewController.swift */; };
		844849C829D3356A00FC1CF5 /* FunctionParametersViewController.swift in Sources */ = {isa = PBXBuildFile; fileRef = 844849C729D3356A00FC1CF5 /* FunctionParametersViewController.swift */; };
		844849CA29D3358D00FC1CF5 /* ArgumentLabelsViewController.swift in Sources */ = {isa = PBXBuildFile; fileRef = 844849C929D3358D00FC1CF5 /* ArgumentLabelsViewController.swift */; };
		844849CC29D335A500FC1CF5 /* FunctionalTypesViewController.swift in Sources */ = {isa = PBXBuildFile; fileRef = 844849CB29D335A500FC1CF5 /* FunctionalTypesViewController.swift */; };
		8448EBEE29CF4F5E00B88CC0 /* AboutSwiftViewController.swift in Sources */ = {isa = PBXBuildFile; fileRef = 8448EBED29CF4F5E00B88CC0 /* AboutSwiftViewController.swift */; };
		8448EBF029CF59E100B88CC0 /* AnnotationOfTypesViewController.swift in Sources */ = {isa = PBXBuildFile; fileRef = 8448EBEF29CF59E100B88CC0 /* AnnotationOfTypesViewController.swift */; };
		8448EBF229CF5B6200B88CC0 /* LetAndVarViewController.swift in Sources */ = {isa = PBXBuildFile; fileRef = 8448EBF129CF5B6200B88CC0 /* LetAndVarViewController.swift */; };
		8448EBF429CF5CC400B88CC0 /* CommentsViewController.swift in Sources */ = {isa = PBXBuildFile; fileRef = 8448EBF329CF5CC400B88CC0 /* CommentsViewController.swift */; };
		8448EBF629CF5D5E00B88CC0 /* IntegersViewController.swift in Sources */ = {isa = PBXBuildFile; fileRef = 8448EBF529CF5D5E00B88CC0 /* IntegersViewController.swift */; };
		8448EBF829CF5DF800B88CC0 /* NumericLiteralsViewController.swift in Sources */ = {isa = PBXBuildFile; fileRef = 8448EBF729CF5DF800B88CC0 /* NumericLiteralsViewController.swift */; };
		8448EBFA29CF5ED100B88CC0 /* ConvertingNumericTypesViewController.swift in Sources */ = {isa = PBXBuildFile; fileRef = 8448EBF929CF5ED100B88CC0 /* ConvertingNumericTypesViewController.swift */; };
		8448EBFC29CF5F9800B88CC0 /* TuplesViewController.swift in Sources */ = {isa = PBXBuildFile; fileRef = 8448EBFB29CF5F9800B88CC0 /* TuplesViewController.swift */; };
		8448EBFE29CF60EF00B88CC0 /* OptionalTypesViewController.swift in Sources */ = {isa = PBXBuildFile; fileRef = 8448EBFD29CF60EF00B88CC0 /* OptionalTypesViewController.swift */; };
		8448EC0029CF618300B88CC0 /* StatementsAndPreconditionsViewController.swift in Sources */ = {isa = PBXBuildFile; fileRef = 8448EBFF29CF618300B88CC0 /* StatementsAndPreconditionsViewController.swift */; };
		8448EC0329CF62BF00B88CC0 /* AboutTypesViewController.swift in Sources */ = {isa = PBXBuildFile; fileRef = 8448EC0229CF62BF00B88CC0 /* AboutTypesViewController.swift */; };
		844DEDF129BA44F20053A2DB /* LectureViewController.swift in Sources */ = {isa = PBXBuildFile; fileRef = 844DEDF029BA44F20053A2DB /* LectureViewController.swift */; };
		845AFFF529BCF00E00B760C8 /* Pods_SwiftInvalid.framework in Frameworks */ = {isa = PBXBuildFile; fileRef = 845AFFF429BCF00E00B760C8 /* Pods_SwiftInvalid.framework */; };
		845AFFF629BCF00E00B760C8 /* Pods_SwiftInvalid.framework in Embed Frameworks */ = {isa = PBXBuildFile; fileRef = 845AFFF429BCF00E00B760C8 /* Pods_SwiftInvalid.framework */; settings = {ATTRIBUTES = (CodeSignOnCopy, RemoveHeadersOnCopy, ); }; };
		84B27D7929C7088F00C840A7 /* Themes.swift in Sources */ = {isa = PBXBuildFile; fileRef = 84B27D7829C7088F00C840A7 /* Themes.swift */; };
		84B27D7B29C70A4600C840A7 /* dataTypesViewController.swift in Sources */ = {isa = PBXBuildFile; fileRef = 84B27D7A29C70A4600C840A7 /* dataTypesViewController.swift */; };
		84B27D7D29C735E400C840A7 /* multilineLinesViewController.swift in Sources */ = {isa = PBXBuildFile; fileRef = 84B27D7C29C735E400C840A7 /* multilineLinesViewController.swift */; };
		84B27D7F29C7362C00C840A7 /* logicalTypesViewController.swift in Sources */ = {isa = PBXBuildFile; fileRef = 84B27D7E29C7362C00C840A7 /* logicalTypesViewController.swift */; };
		84B27D8329C7369F00C840A7 /* ArrayViewController.swift in Sources */ = {isa = PBXBuildFile; fileRef = 84B27D8229C7369F00C840A7 /* ArrayViewController.swift */; };
		84C6D4BF29CEED2A0057A162 /* DictionariesViewController.swift in Sources */ = {isa = PBXBuildFile; fileRef = 84C6D4BE29CEED2A0057A162 /* DictionariesViewController.swift */; };
		84C6D4C129CEF5130057A162 /* SetsViewController.swift in Sources */ = {isa = PBXBuildFile; fileRef = 84C6D4C029CEF5130057A162 /* SetsViewController.swift */; };
/* End PBXBuildFile section */

/* Begin PBXContainerItemProxy section */
		8435C03D2991537800413405 /* PBXContainerItemProxy */ = {
			isa = PBXContainerItemProxy;
			containerPortal = 8435C01E2991537700413405 /* Project object */;
			proxyType = 1;
			remoteGlobalIDString = 8435C0252991537700413405;
			remoteInfo = SwiftInvalid;
		};
		8435C0472991537800413405 /* PBXContainerItemProxy */ = {
			isa = PBXContainerItemProxy;
			containerPortal = 8435C01E2991537700413405 /* Project object */;
			proxyType = 1;
			remoteGlobalIDString = 8435C0252991537700413405;
			remoteInfo = SwiftInvalid;
		};
/* End PBXContainerItemProxy section */

/* Begin PBXCopyFilesBuildPhase section */
		845AFFF129BCEFD100B760C8 /* Embed Frameworks */ = {
			isa = PBXCopyFilesBuildPhase;
			buildActionMask = 2147483647;
			dstPath = "";
			dstSubfolderSpec = 10;
			files = (
				845AFFF629BCF00E00B760C8 /* Pods_SwiftInvalid.framework in Embed Frameworks */,
			);
			name = "Embed Frameworks";
			runOnlyForDeploymentPostprocessing = 0;
		};
/* End PBXCopyFilesBuildPhase section */

/* Begin PBXFileReference section */
		0EFB1D1D73B1B78AEAFCD822 /* Pods_SwiftInvalid.framework */ = {isa = PBXFileReference; explicitFileType = wrapper.framework; includeInIndex = 0; path = Pods_SwiftInvalid.framework; sourceTree = BUILT_PRODUCTS_DIR; };
		29839A8AEE35486EF7A9413A /* Pods-SwiftInvalidUITests.release.xcconfig */ = {isa = PBXFileReference; includeInIndex = 1; lastKnownFileType = text.xcconfig; name = "Pods-SwiftInvalidUITests.release.xcconfig"; path = "Target Support Files/Pods-SwiftInvalidUITests/Pods-SwiftInvalidUITests.release.xcconfig"; sourceTree = "<group>"; };
		45A2E871260111231AF94767 /* libPods-SwiftInvalidUITests.a */ = {isa = PBXFileReference; explicitFileType = archive.ar; includeInIndex = 0; path = "libPods-SwiftInvalidUITests.a"; sourceTree = BUILT_PRODUCTS_DIR; };
		6196D346137D755D7D77F4CE /* Pods-SwiftInvalid.release.xcconfig */ = {isa = PBXFileReference; includeInIndex = 1; lastKnownFileType = text.xcconfig; name = "Pods-SwiftInvalid.release.xcconfig"; path = "Target Support Files/Pods-SwiftInvalid/Pods-SwiftInvalid.release.xcconfig"; sourceTree = "<group>"; };
		651F3FA44245AA4406375EC0 /* Pods-SwiftInvalidTests.release.xcconfig */ = {isa = PBXFileReference; includeInIndex = 1; lastKnownFileType = text.xcconfig; name = "Pods-SwiftInvalidTests.release.xcconfig"; path = "Target Support Files/Pods-SwiftInvalidTests/Pods-SwiftInvalidTests.release.xcconfig"; sourceTree = "<group>"; };
		69EBA45F02E340D9D7417889 /* Pods-SwiftInvalidTests.debug.xcconfig */ = {isa = PBXFileReference; includeInIndex = 1; lastKnownFileType = text.xcconfig; name = "Pods-SwiftInvalidTests.debug.xcconfig"; path = "Target Support Files/Pods-SwiftInvalidTests/Pods-SwiftInvalidTests.debug.xcconfig"; sourceTree = "<group>"; };
		721E0E9A708EF0857E2A6B10 /* Pods-SwiftInvalidUITests.debug.xcconfig */ = {isa = PBXFileReference; includeInIndex = 1; lastKnownFileType = text.xcconfig; name = "Pods-SwiftInvalidUITests.debug.xcconfig"; path = "Target Support Files/Pods-SwiftInvalidUITests/Pods-SwiftInvalidUITests.debug.xcconfig"; sourceTree = "<group>"; };
		8435C0262991537700413405 /* SwiftInvalid.app */ = {isa = PBXFileReference; explicitFileType = wrapper.application; includeInIndex = 0; path = SwiftInvalid.app; sourceTree = BUILT_PRODUCTS_DIR; };
		8435C0292991537700413405 /* AppDelegate.swift */ = {isa = PBXFileReference; lastKnownFileType = sourcecode.swift; path = AppDelegate.swift; sourceTree = "<group>"; };
		8435C02B2991537700413405 /* SceneDelegate.swift */ = {isa = PBXFileReference; lastKnownFileType = sourcecode.swift; path = SceneDelegate.swift; sourceTree = "<group>"; };
		8435C02D2991537700413405 /* ViewController.swift */ = {isa = PBXFileReference; lastKnownFileType = sourcecode.swift; path = ViewController.swift; sourceTree = "<group>"; };
		8435C0302991537700413405 /* Base */ = {isa = PBXFileReference; lastKnownFileType = file.storyboard; name = Base; path = Base.lproj/Main.storyboard; sourceTree = "<group>"; };
		8435C0322991537800413405 /* Assets.xcassets */ = {isa = PBXFileReference; lastKnownFileType = folder.assetcatalog; path = Assets.xcassets; sourceTree = "<group>"; };
		8435C0352991537800413405 /* Base */ = {isa = PBXFileReference; lastKnownFileType = file.storyboard; name = Base; path = Base.lproj/LaunchScreen.storyboard; sourceTree = "<group>"; };
		8435C0372991537800413405 /* Info.plist */ = {isa = PBXFileReference; lastKnownFileType = text.plist.xml; path = Info.plist; sourceTree = "<group>"; };
		8435C03C2991537800413405 /* SwiftInvalidTests.xctest */ = {isa = PBXFileReference; explicitFileType = wrapper.cfbundle; includeInIndex = 0; path = SwiftInvalidTests.xctest; sourceTree = BUILT_PRODUCTS_DIR; };
		8435C0402991537800413405 /* SwiftInvalidTests.swift */ = {isa = PBXFileReference; lastKnownFileType = sourcecode.swift; path = SwiftInvalidTests.swift; sourceTree = "<group>"; };
		8435C0462991537800413405 /* SwiftInvalidUITests.xctest */ = {isa = PBXFileReference; explicitFileType = wrapper.cfbundle; includeInIndex = 0; path = SwiftInvalidUITests.xctest; sourceTree = BUILT_PRODUCTS_DIR; };
		8435C04A2991537800413405 /* SwiftInvalidUITests.swift */ = {isa = PBXFileReference; lastKnownFileType = sourcecode.swift; path = SwiftInvalidUITests.swift; sourceTree = "<group>"; };
		8435C04C2991537800413405 /* SwiftInvalidUITestsLaunchTests.swift */ = {isa = PBXFileReference; lastKnownFileType = sourcecode.swift; path = SwiftInvalidUITestsLaunchTests.swift; sourceTree = "<group>"; };
		8435C05C299157EC00413405 /* TabBar.storyboard */ = {isa = PBXFileReference; lastKnownFileType = file.storyboard; path = TabBar.storyboard; sourceTree = "<group>"; };
		8435C05E29915C4600413405 /* TabBarController.swift */ = {isa = PBXFileReference; lastKnownFileType = sourcecode.swift; path = TabBarController.swift; sourceTree = "<group>"; };
		8435C06429915D6700413405 /* HomeViewController.swift */ = {isa = PBXFileReference; lastKnownFileType = sourcecode.swift; path = HomeViewController.swift; sourceTree = "<group>"; };
		8435C06629915D7800413405 /* LearnViewController.swift */ = {isa = PBXFileReference; lastKnownFileType = sourcecode.swift; path = LearnViewController.swift; sourceTree = "<group>"; };
		8435C06829915D8900413405 /* ProgressViewController.swift */ = {isa = PBXFileReference; lastKnownFileType = sourcecode.swift; path = ProgressViewController.swift; sourceTree = "<group>"; };
		8435C06A29915D9900413405 /* ForUsViewController.swift */ = {isa = PBXFileReference; lastKnownFileType = sourcecode.swift; path = ForUsViewController.swift; sourceTree = "<group>"; };
		8435C06C299163E600413405 /* LearnTableViewCell.swift */ = {isa = PBXFileReference; lastKnownFileType = sourcecode.swift; path = LearnTableViewCell.swift; sourceTree = "<group>"; };
		8448498D29D32D2300FC1CF5 /* StringsAndSymbolsViewController.swift */ = {isa = PBXFileReference; lastKnownFileType = sourcecode.swift; path = StringsAndSymbolsViewController.swift; sourceTree = "<group>"; };
		8448498F29D32D4E00FC1CF5 /* StringLiteralsViewController.swift */ = {isa = PBXFileReference; lastKnownFileType = sourcecode.swift; path = StringLiteralsViewController.swift; sourceTree = "<group>"; };
		8448499129D32D6800FC1CF5 /* InitializationViewController.swift */ = {isa = PBXFileReference; lastKnownFileType = sourcecode.swift; path = InitializationViewController.swift; sourceTree = "<group>"; };
		8448499329D32D9800FC1CF5 /* ConcatenationViewController.swift */ = {isa = PBXFileReference; lastKnownFileType = sourcecode.swift; path = ConcatenationViewController.swift; sourceTree = "<group>"; };
		8448499529D32DAE00FC1CF5 /* InterpolationViewController.swift */ = {isa = PBXFileReference; lastKnownFileType = sourcecode.swift; path = InterpolationViewController.swift; sourceTree = "<group>"; };
		8448499729D32DCA00FC1CF5 /* UnicodeViewController.swift */ = {isa = PBXFileReference; lastKnownFileType = sourcecode.swift; path = UnicodeViewController.swift; sourceTree = "<group>"; };
		8448499929D32DE700FC1CF5 /* CountingСharactersViewController.swift */ = {isa = PBXFileReference; lastKnownFileType = sourcecode.swift; path = "CountingСharactersViewController.swift"; sourceTree = "<group>"; };
		8448499B29D32E0B00FC1CF5 /* ModificationViewController.swift */ = {isa = PBXFileReference; lastKnownFileType = sourcecode.swift; path = ModificationViewController.swift; sourceTree = "<group>"; };
		8448499D29D32E2400FC1CF5 /* SubstringsViewController.swift */ = {isa = PBXFileReference; lastKnownFileType = sourcecode.swift; path = SubstringsViewController.swift; sourceTree = "<group>"; };
		8448499F29D32E4200FC1CF5 /* StringAlignmentViewController.swift */ = {isa = PBXFileReference; lastKnownFileType = sourcecode.swift; path = StringAlignmentViewController.swift; sourceTree = "<group>"; };
		844849A229D330C000FC1CF5 /* BasicOperatorsViewController.swift */ = {isa = PBXFileReference; lastKnownFileType = sourcecode.swift; path = BasicOperatorsViewController.swift; sourceTree = "<group>"; };
		844849A429D330E400FC1CF5 /* AssignmentOperatorsViewController.swift */ = {isa = PBXFileReference; lastKnownFileType = sourcecode.swift; path = AssignmentOperatorsViewController.swift; sourceTree = "<group>"; };
		844849A629D3310100FC1CF5 /* ArithmeticOperatorsViewController.swift */ = {isa = PBXFileReference; lastKnownFileType = sourcecode.swift; path = ArithmeticOperatorsViewController.swift; sourceTree = "<group>"; };
		844849A829D3311B00FC1CF5 /* CompoundOperatorsViewController.swift */ = {isa = PBXFileReference; lastKnownFileType = sourcecode.swift; path = CompoundOperatorsViewController.swift; sourceTree = "<group>"; };
		844849AA29D3313700FC1CF5 /* TernaryOperatorViewController.swift */ = {isa = PBXFileReference; lastKnownFileType = sourcecode.swift; path = TernaryOperatorViewController.swift; sourceTree = "<group>"; };
		844849AC29D3315B00FC1CF5 /* TheUnionOperatorViewController.swift */ = {isa = PBXFileReference; lastKnownFileType = sourcecode.swift; path = TheUnionOperatorViewController.swift; sourceTree = "<group>"; };
		844849AE29D3317400FC1CF5 /* RangeOperatorViewController.swift */ = {isa = PBXFileReference; lastKnownFileType = sourcecode.swift; path = RangeOperatorViewController.swift; sourceTree = "<group>"; };
		844849B029D3318900FC1CF5 /* LogicalOperatorsViewController.swift */ = {isa = PBXFileReference; lastKnownFileType = sourcecode.swift; path = LogicalOperatorsViewController.swift; sourceTree = "<group>"; };
		844849B229D331BC00FC1CF5 /* ComparisonOperatorsViewController.swift */ = {isa = PBXFileReference; lastKnownFileType = sourcecode.swift; path = ComparisonOperatorsViewController.swift; sourceTree = "<group>"; };
		844849B529D332D400FC1CF5 /* FlowControlViewController.swift */ = {isa = PBXFileReference; lastKnownFileType = sourcecode.swift; path = FlowControlViewController.swift; sourceTree = "<group>"; };
		844849B729D3330300FC1CF5 /* CyclesForInViewController.swift */ = {isa = PBXFileReference; lastKnownFileType = sourcecode.swift; path = CyclesForInViewController.swift; sourceTree = "<group>"; };
		844849B929D3331900FC1CF5 /* CyclesWhileViewController.swift */ = {isa = PBXFileReference; lastKnownFileType = sourcecode.swift; path = CyclesWhileViewController.swift; sourceTree = "<group>"; };
		844849BB29D3334B00FC1CF5 /* ConditionalInstructionsViewController.swift */ = {isa = PBXFileReference; lastKnownFileType = sourcecode.swift; path = ConditionalInstructionsViewController.swift; sourceTree = "<group>"; };
		844849BD29D3336600FC1CF5 /* TransmissionOperatorsViewController.swift */ = {isa = PBXFileReference; lastKnownFileType = sourcecode.swift; path = TransmissionOperatorsViewController.swift; sourceTree = "<group>"; };
		844849BF29D3337C00FC1CF5 /* EarlyExitViewController.swift */ = {isa = PBXFileReference; lastKnownFileType = sourcecode.swift; path = EarlyExitViewController.swift; sourceTree = "<group>"; };
		844849C329D3353400FC1CF5 /* FunctionsViewController.swift */ = {isa = PBXFileReference; lastKnownFileType = sourcecode.swift; path = FunctionsViewController.swift; sourceTree = "<group>"; };
		844849C529D3355600FC1CF5 /* AnnouncementAndChallengeViewController.swift */ = {isa = PBXFileReference; lastKnownFileType = sourcecode.swift; path = AnnouncementAndChallengeViewController.swift; sourceTree = "<group>"; };
		844849C729D3356A00FC1CF5 /* FunctionParametersViewController.swift */ = {isa = PBXFileReference; lastKnownFileType = sourcecode.swift; path = FunctionParametersViewController.swift; sourceTree = "<group>"; };
		844849C929D3358D00FC1CF5 /* ArgumentLabelsViewController.swift */ = {isa = PBXFileReference; lastKnownFileType = sourcecode.swift; path = ArgumentLabelsViewController.swift; sourceTree = "<group>"; };
		844849CB29D335A500FC1CF5 /* FunctionalTypesViewController.swift */ = {isa = PBXFileReference; lastKnownFileType = sourcecode.swift; path = FunctionalTypesViewController.swift; sourceTree = "<group>"; };
		8448EBED29CF4F5E00B88CC0 /* AboutSwiftViewController.swift */ = {isa = PBXFileReference; lastKnownFileType = sourcecode.swift; path = AboutSwiftViewController.swift; sourceTree = "<group>"; };
		8448EBEF29CF59E100B88CC0 /* AnnotationOfTypesViewController.swift */ = {isa = PBXFileReference; lastKnownFileType = sourcecode.swift; path = AnnotationOfTypesViewController.swift; sourceTree = "<group>"; };
		8448EBF129CF5B6200B88CC0 /* LetAndVarViewController.swift */ = {isa = PBXFileReference; lastKnownFileType = sourcecode.swift; path = LetAndVarViewController.swift; sourceTree = "<group>"; };
		8448EBF329CF5CC400B88CC0 /* CommentsViewController.swift */ = {isa = PBXFileReference; lastKnownFileType = sourcecode.swift; path = CommentsViewController.swift; sourceTree = "<group>"; };
		8448EBF529CF5D5E00B88CC0 /* IntegersViewController.swift */ = {isa = PBXFileReference; lastKnownFileType = sourcecode.swift; path = IntegersViewController.swift; sourceTree = "<group>"; };
		8448EBF729CF5DF800B88CC0 /* NumericLiteralsViewController.swift */ = {isa = PBXFileReference; lastKnownFileType = sourcecode.swift; path = NumericLiteralsViewController.swift; sourceTree = "<group>"; };
		8448EBF929CF5ED100B88CC0 /* ConvertingNumericTypesViewController.swift */ = {isa = PBXFileReference; lastKnownFileType = sourcecode.swift; path = ConvertingNumericTypesViewController.swift; sourceTree = "<group>"; };
		8448EBFB29CF5F9800B88CC0 /* TuplesViewController.swift */ = {isa = PBXFileReference; lastKnownFileType = sourcecode.swift; path = TuplesViewController.swift; sourceTree = "<group>"; };
		8448EBFD29CF60EF00B88CC0 /* OptionalTypesViewController.swift */ = {isa = PBXFileReference; lastKnownFileType = sourcecode.swift; path = OptionalTypesViewController.swift; sourceTree = "<group>"; };
		8448EBFF29CF618300B88CC0 /* StatementsAndPreconditionsViewController.swift */ = {isa = PBXFileReference; lastKnownFileType = sourcecode.swift; path = StatementsAndPreconditionsViewController.swift; sourceTree = "<group>"; };
		8448EC0229CF62BF00B88CC0 /* AboutTypesViewController.swift */ = {isa = PBXFileReference; lastKnownFileType = sourcecode.swift; path = AboutTypesViewController.swift; sourceTree = "<group>"; };
		844DEDEC29B508D30053A2DB /* UICircularProgressRing.framework */ = {isa = PBXFileReference; explicitFileType = wrapper.framework; path = UICircularProgressRing.framework; sourceTree = BUILT_PRODUCTS_DIR; };
		844DEDF029BA44F20053A2DB /* LectureViewController.swift */ = {isa = PBXFileReference; lastKnownFileType = sourcecode.swift; path = LectureViewController.swift; sourceTree = "<group>"; };
		845AFFEA29BCEC3900B760C8 /* UICircularProgressRing.framework */ = {isa = PBXFileReference; explicitFileType = wrapper.framework; path = UICircularProgressRing.framework; sourceTree = BUILT_PRODUCTS_DIR; };
		845AFFEE29BCEFD100B760C8 /* UICircularProgressRing.framework */ = {isa = PBXFileReference; explicitFileType = wrapper.framework; path = UICircularProgressRing.framework; sourceTree = BUILT_PRODUCTS_DIR; };
		845AFFF429BCF00E00B760C8 /* Pods_SwiftInvalid.framework */ = {isa = PBXFileReference; explicitFileType = wrapper.framework; path = Pods_SwiftInvalid.framework; sourceTree = BUILT_PRODUCTS_DIR; };
		84B27D7829C7088F00C840A7 /* Themes.swift */ = {isa = PBXFileReference; lastKnownFileType = sourcecode.swift; path = Themes.swift; sourceTree = "<group>"; };
		84B27D7A29C70A4600C840A7 /* dataTypesViewController.swift */ = {isa = PBXFileReference; lastKnownFileType = sourcecode.swift; path = dataTypesViewController.swift; sourceTree = "<group>"; };
		84B27D7C29C735E400C840A7 /* multilineLinesViewController.swift */ = {isa = PBXFileReference; lastKnownFileType = sourcecode.swift; path = multilineLinesViewController.swift; sourceTree = "<group>"; };
		84B27D7E29C7362C00C840A7 /* logicalTypesViewController.swift */ = {isa = PBXFileReference; lastKnownFileType = sourcecode.swift; path = logicalTypesViewController.swift; sourceTree = "<group>"; };
		84B27D8229C7369F00C840A7 /* ArrayViewController.swift */ = {isa = PBXFileReference; lastKnownFileType = sourcecode.swift; path = ArrayViewController.swift; sourceTree = "<group>"; };
		84C6D4BE29CEED2A0057A162 /* DictionariesViewController.swift */ = {isa = PBXFileReference; lastKnownFileType = sourcecode.swift; path = DictionariesViewController.swift; sourceTree = "<group>"; };
		84C6D4C029CEF5130057A162 /* SetsViewController.swift */ = {isa = PBXFileReference; lastKnownFileType = sourcecode.swift; path = SetsViewController.swift; sourceTree = "<group>"; };
		BE2968D162678C8E7378DFE2 /* Pods-SwiftInvalid.debug.xcconfig */ = {isa = PBXFileReference; includeInIndex = 1; lastKnownFileType = text.xcconfig; name = "Pods-SwiftInvalid.debug.xcconfig"; path = "Target Support Files/Pods-SwiftInvalid/Pods-SwiftInvalid.debug.xcconfig"; sourceTree = "<group>"; };
		FFBF99D4D19EEB633F3062A5 /* libPods-SwiftInvalidTests.a */ = {isa = PBXFileReference; explicitFileType = archive.ar; includeInIndex = 0; path = "libPods-SwiftInvalidTests.a"; sourceTree = BUILT_PRODUCTS_DIR; };
/* End PBXFileReference section */

/* Begin PBXFrameworksBuildPhase section */
		8435C0232991537700413405 /* Frameworks */ = {
			isa = PBXFrameworksBuildPhase;
			buildActionMask = 2147483647;
			files = (
				845AFFF529BCF00E00B760C8 /* Pods_SwiftInvalid.framework in Frameworks */,
			);
			runOnlyForDeploymentPostprocessing = 0;
		};
		8435C0392991537800413405 /* Frameworks */ = {
			isa = PBXFrameworksBuildPhase;
			buildActionMask = 2147483647;
			files = (
				78B756941421E401DC6A05C4 /* libPods-SwiftInvalidTests.a in Frameworks */,
			);
			runOnlyForDeploymentPostprocessing = 0;
		};
		8435C0432991537800413405 /* Frameworks */ = {
			isa = PBXFrameworksBuildPhase;
			buildActionMask = 2147483647;
			files = (
				2CC5D84EFEFCB91BF7A3E4EA /* libPods-SwiftInvalidUITests.a in Frameworks */,
			);
			runOnlyForDeploymentPostprocessing = 0;
		};
/* End PBXFrameworksBuildPhase section */

/* Begin PBXGroup section */
		8435C01D2991537700413405 = {
			isa = PBXGroup;
			children = (
				8435C0282991537700413405 /* SwiftInvalid */,
				8435C03F2991537800413405 /* SwiftInvalidTests */,
				8435C0492991537800413405 /* SwiftInvalidUITests */,
				8435C0272991537700413405 /* Products */,
				8D36CE08EFCE3C1EDD215876 /* Pods */,
				934E79B0B4BBE3347C6A48CA /* Frameworks */,
			);
			sourceTree = "<group>";
		};
		8435C0272991537700413405 /* Products */ = {
			isa = PBXGroup;
			children = (
				8435C0262991537700413405 /* SwiftInvalid.app */,
				8435C03C2991537800413405 /* SwiftInvalidTests.xctest */,
				8435C0462991537800413405 /* SwiftInvalidUITests.xctest */,
			);
			name = Products;
			sourceTree = "<group>";
		};
		8435C0282991537700413405 /* SwiftInvalid */ = {
			isa = PBXGroup;
			children = (
				8435C05B299157C700413405 /* TabBar */,
				8435C0592991538400413405 /* Application */,
				8435C05A2991539B00413405 /* Main */,
				8435C0322991537800413405 /* Assets.xcassets */,
				8435C0342991537800413405 /* LaunchScreen.storyboard */,
				8435C0372991537800413405 /* Info.plist */,
			);
			path = SwiftInvalid;
			sourceTree = "<group>";
		};
		8435C03F2991537800413405 /* SwiftInvalidTests */ = {
			isa = PBXGroup;
			children = (
				8435C0402991537800413405 /* SwiftInvalidTests.swift */,
			);
			path = SwiftInvalidTests;
			sourceTree = "<group>";
		};
		8435C0492991537800413405 /* SwiftInvalidUITests */ = {
			isa = PBXGroup;
			children = (
				8435C04A2991537800413405 /* SwiftInvalidUITests.swift */,
				8435C04C2991537800413405 /* SwiftInvalidUITestsLaunchTests.swift */,
			);
			path = SwiftInvalidUITests;
			sourceTree = "<group>";
		};
		8435C0592991538400413405 /* Application */ = {
			isa = PBXGroup;
			children = (
				8435C0292991537700413405 /* AppDelegate.swift */,
				8435C02B2991537700413405 /* SceneDelegate.swift */,
			);
			path = Application;
			sourceTree = "<group>";
		};
		8435C05A2991539B00413405 /* Main */ = {
			isa = PBXGroup;
			children = (
				8435C02F2991537700413405 /* Main.storyboard */,
				8435C02D2991537700413405 /* ViewController.swift */,
			);
			path = Main;
			sourceTree = "<group>";
		};
		8435C05B299157C700413405 /* TabBar */ = {
			isa = PBXGroup;
			children = (
				845A005B29C5B66900B760C8 /* Themes */,
				8435C06329915D0700413405 /* Home */,
				8435C06229915CFC00413405 /* Learn */,
				8435C06129915CF000413405 /* Progress */,
				8435C06029915CE000413405 /* ForUs */,
				8435C05C299157EC00413405 /* TabBar.storyboard */,
				8435C05E29915C4600413405 /* TabBarController.swift */,
			);
			path = TabBar;
			sourceTree = "<group>";
		};
		8435C06029915CE000413405 /* ForUs */ = {
			isa = PBXGroup;
			children = (
				8435C06A29915D9900413405 /* ForUsViewController.swift */,
			);
			path = ForUs;
			sourceTree = "<group>";
		};
		8435C06129915CF000413405 /* Progress */ = {
			isa = PBXGroup;
			children = (
				8435C06829915D8900413405 /* ProgressViewController.swift */,
			);
			path = Progress;
			sourceTree = "<group>";
		};
		8435C06229915CFC00413405 /* Learn */ = {
			isa = PBXGroup;
			children = (
				8435C06629915D7800413405 /* LearnViewController.swift */,
				8435C06C299163E600413405 /* LearnTableViewCell.swift */,
				84B27D7829C7088F00C840A7 /* Themes.swift */,
			);
			path = Learn;
			sourceTree = "<group>";
		};
		8435C06329915D0700413405 /* Home */ = {
			isa = PBXGroup;
			children = (
				8435C06429915D6700413405 /* HomeViewController.swift */,
			);
			path = Home;
			sourceTree = "<group>";
		};
		8448498C29D32CEA00FC1CF5 /* StringsAndSymbols */ = {
			isa = PBXGroup;
			children = (
				8448498D29D32D2300FC1CF5 /* StringsAndSymbolsViewController.swift */,
				8448498F29D32D4E00FC1CF5 /* StringLiteralsViewController.swift */,
				8448499129D32D6800FC1CF5 /* InitializationViewController.swift */,
				8448499329D32D9800FC1CF5 /* ConcatenationViewController.swift */,
				8448499529D32DAE00FC1CF5 /* InterpolationViewController.swift */,
				8448499729D32DCA00FC1CF5 /* UnicodeViewController.swift */,
				8448499929D32DE700FC1CF5 /* CountingСharactersViewController.swift */,
				8448499B29D32E0B00FC1CF5 /* ModificationViewController.swift */,
				8448499D29D32E2400FC1CF5 /* SubstringsViewController.swift */,
				8448499F29D32E4200FC1CF5 /* StringAlignmentViewController.swift */,
			);
			path = StringsAndSymbols;
			sourceTree = "<group>";
		};
		844849A129D3309400FC1CF5 /* BasicOperators */ = {
			isa = PBXGroup;
			children = (
				844849A229D330C000FC1CF5 /* BasicOperatorsViewController.swift */,
				844849A429D330E400FC1CF5 /* AssignmentOperatorsViewController.swift */,
				844849A629D3310100FC1CF5 /* ArithmeticOperatorsViewController.swift */,
				844849A829D3311B00FC1CF5 /* CompoundOperatorsViewController.swift */,
				844849B229D331BC00FC1CF5 /* ComparisonOperatorsViewController.swift */,
				844849AA29D3313700FC1CF5 /* TernaryOperatorViewController.swift */,
				844849AC29D3315B00FC1CF5 /* TheUnionOperatorViewController.swift */,
				844849AE29D3317400FC1CF5 /* RangeOperatorViewController.swift */,
				844849B029D3318900FC1CF5 /* LogicalOperatorsViewController.swift */,
			);
			path = BasicOperators;
			sourceTree = "<group>";
		};
		844849B429D332C300FC1CF5 /* FlowControl */ = {
			isa = PBXGroup;
			children = (
				844849B529D332D400FC1CF5 /* FlowControlViewController.swift */,
				844849B729D3330300FC1CF5 /* CyclesForInViewController.swift */,
				844849B929D3331900FC1CF5 /* CyclesWhileViewController.swift */,
				844849BB29D3334B00FC1CF5 /* ConditionalInstructionsViewController.swift */,
				844849BD29D3336600FC1CF5 /* TransmissionOperatorsViewController.swift */,
				844849BF29D3337C00FC1CF5 /* EarlyExitViewController.swift */,
			);
			path = FlowControl;
			sourceTree = "<group>";
		};
		844849C229D334F200FC1CF5 /* Functions */ = {
			isa = PBXGroup;
			children = (
				844849C329D3353400FC1CF5 /* FunctionsViewController.swift */,
				844849C529D3355600FC1CF5 /* AnnouncementAndChallengeViewController.swift */,
				844849C729D3356A00FC1CF5 /* FunctionParametersViewController.swift */,
				844849C929D3358D00FC1CF5 /* ArgumentLabelsViewController.swift */,
				844849CB29D335A500FC1CF5 /* FunctionalTypesViewController.swift */,
			);
			path = Functions;
			sourceTree = "<group>";
		};
		8448EC0129CF622D00B88CC0 /* TypesOfCollections */ = {
			isa = PBXGroup;
			children = (
				8448EC0229CF62BF00B88CC0 /* AboutTypesViewController.swift */,
				84B27D8229C7369F00C840A7 /* ArrayViewController.swift */,
				84C6D4C029CEF5130057A162 /* SetsViewController.swift */,
				84C6D4BE29CEED2A0057A162 /* DictionariesViewController.swift */,
			);
			path = TypesOfCollections;
			sourceTree = "<group>";
		};
		845A005B29C5B66900B760C8 /* Themes */ = {
			isa = PBXGroup;
			children = (
				84B27D8129C7366200C840A7 /* TheBasics */,
				844849A129D3309400FC1CF5 /* BasicOperators */,
				8448498C29D32CEA00FC1CF5 /* StringsAndSymbols */,
				8448EC0129CF622D00B88CC0 /* TypesOfCollections */,
				844849B429D332C300FC1CF5 /* FlowControl */,
				844849C229D334F200FC1CF5 /* Functions */,
			);
			path = Themes;
			sourceTree = "<group>";
		};
		84B27D8129C7366200C840A7 /* TheBasics */ = {
			isa = PBXGroup;
			children = (
				8448EBED29CF4F5E00B88CC0 /* AboutSwiftViewController.swift */,
				844DEDF029BA44F20053A2DB /* LectureViewController.swift */,
				84B27D7A29C70A4600C840A7 /* dataTypesViewController.swift */,
				84B27D7C29C735E400C840A7 /* multilineLinesViewController.swift */,
				8448EBEF29CF59E100B88CC0 /* AnnotationOfTypesViewController.swift */,
				8448EBF129CF5B6200B88CC0 /* LetAndVarViewController.swift */,
				8448EBF329CF5CC400B88CC0 /* CommentsViewController.swift */,
				8448EBF529CF5D5E00B88CC0 /* IntegersViewController.swift */,
				8448EBF729CF5DF800B88CC0 /* NumericLiteralsViewController.swift */,
				8448EBF929CF5ED100B88CC0 /* ConvertingNumericTypesViewController.swift */,
				84B27D7E29C7362C00C840A7 /* logicalTypesViewController.swift */,
				8448EBFB29CF5F9800B88CC0 /* TuplesViewController.swift */,
				8448EBFD29CF60EF00B88CC0 /* OptionalTypesViewController.swift */,
				8448EBFF29CF618300B88CC0 /* StatementsAndPreconditionsViewController.swift */,
			);
			path = TheBasics;
			sourceTree = "<group>";
		};
		8D36CE08EFCE3C1EDD215876 /* Pods */ = {
			isa = PBXGroup;
			children = (
				BE2968D162678C8E7378DFE2 /* Pods-SwiftInvalid.debug.xcconfig */,
				6196D346137D755D7D77F4CE /* Pods-SwiftInvalid.release.xcconfig */,
				69EBA45F02E340D9D7417889 /* Pods-SwiftInvalidTests.debug.xcconfig */,
				651F3FA44245AA4406375EC0 /* Pods-SwiftInvalidTests.release.xcconfig */,
				721E0E9A708EF0857E2A6B10 /* Pods-SwiftInvalidUITests.debug.xcconfig */,
				29839A8AEE35486EF7A9413A /* Pods-SwiftInvalidUITests.release.xcconfig */,
			);
			path = Pods;
			sourceTree = "<group>";
		};
		934E79B0B4BBE3347C6A48CA /* Frameworks */ = {
			isa = PBXGroup;
			children = (
				845AFFF429BCF00E00B760C8 /* Pods_SwiftInvalid.framework */,
				845AFFEE29BCEFD100B760C8 /* UICircularProgressRing.framework */,
				845AFFEA29BCEC3900B760C8 /* UICircularProgressRing.framework */,
				844DEDEC29B508D30053A2DB /* UICircularProgressRing.framework */,
				0EFB1D1D73B1B78AEAFCD822 /* Pods_SwiftInvalid.framework */,
				FFBF99D4D19EEB633F3062A5 /* libPods-SwiftInvalidTests.a */,
				45A2E871260111231AF94767 /* libPods-SwiftInvalidUITests.a */,
			);
			name = Frameworks;
			sourceTree = "<group>";
		};
/* End PBXGroup section */

/* Begin PBXNativeTarget section */
		8435C0252991537700413405 /* SwiftInvalid */ = {
			isa = PBXNativeTarget;
			buildConfigurationList = 8435C0502991537800413405 /* Build configuration list for PBXNativeTarget "SwiftInvalid" */;
			buildPhases = (
				282895FA3995BB2BDCF45F14 /* [CP] Check Pods Manifest.lock */,
				8435C0222991537700413405 /* Sources */,
				8435C0232991537700413405 /* Frameworks */,
				8435C0242991537700413405 /* Resources */,
				79F59DCF129187FBEE222D1C /* [CP] Embed Pods Frameworks */,
				845AFFF129BCEFD100B760C8 /* Embed Frameworks */,
			);
			buildRules = (
			);
			dependencies = (
			);
			name = SwiftInvalid;
			productName = SwiftInvalid;
			productReference = 8435C0262991537700413405 /* SwiftInvalid.app */;
			productType = "com.apple.product-type.application";
		};
		8435C03B2991537800413405 /* SwiftInvalidTests */ = {
			isa = PBXNativeTarget;
			buildConfigurationList = 8435C0532991537800413405 /* Build configuration list for PBXNativeTarget "SwiftInvalidTests" */;
			buildPhases = (
				587458F579D3F1950A2C30FB /* [CP] Check Pods Manifest.lock */,
				8435C0382991537800413405 /* Sources */,
				8435C0392991537800413405 /* Frameworks */,
				8435C03A2991537800413405 /* Resources */,
			);
			buildRules = (
			);
			dependencies = (
				8435C03E2991537800413405 /* PBXTargetDependency */,
			);
			name = SwiftInvalidTests;
			productName = SwiftInvalidTests;
			productReference = 8435C03C2991537800413405 /* SwiftInvalidTests.xctest */;
			productType = "com.apple.product-type.bundle.unit-test";
		};
		8435C0452991537800413405 /* SwiftInvalidUITests */ = {
			isa = PBXNativeTarget;
			buildConfigurationList = 8435C0562991537800413405 /* Build configuration list for PBXNativeTarget "SwiftInvalidUITests" */;
			buildPhases = (
				89631D38F84C30B05C69C5AB /* [CP] Check Pods Manifest.lock */,
				8435C0422991537800413405 /* Sources */,
				8435C0432991537800413405 /* Frameworks */,
				8435C0442991537800413405 /* Resources */,
			);
			buildRules = (
			);
			dependencies = (
				8435C0482991537800413405 /* PBXTargetDependency */,
			);
			name = SwiftInvalidUITests;
			productName = SwiftInvalidUITests;
			productReference = 8435C0462991537800413405 /* SwiftInvalidUITests.xctest */;
			productType = "com.apple.product-type.bundle.ui-testing";
		};
/* End PBXNativeTarget section */

/* Begin PBXProject section */
		8435C01E2991537700413405 /* Project object */ = {
			isa = PBXProject;
			attributes = {
				BuildIndependentTargetsInParallel = 1;
				LastSwiftUpdateCheck = 1420;
				LastUpgradeCheck = 1420;
				TargetAttributes = {
					8435C0252991537700413405 = {
						CreatedOnToolsVersion = 14.2;
					};
					8435C03B2991537800413405 = {
						CreatedOnToolsVersion = 14.2;
						TestTargetID = 8435C0252991537700413405;
					};
					8435C0452991537800413405 = {
						CreatedOnToolsVersion = 14.2;
						TestTargetID = 8435C0252991537700413405;
					};
				};
			};
			buildConfigurationList = 8435C0212991537700413405 /* Build configuration list for PBXProject "SwiftInvalid" */;
			compatibilityVersion = "Xcode 14.0";
			developmentRegion = en;
			hasScannedForEncodings = 0;
			knownRegions = (
				en,
				Base,
			);
			mainGroup = 8435C01D2991537700413405;
			productRefGroup = 8435C0272991537700413405 /* Products */;
			projectDirPath = "";
			projectRoot = "";
			targets = (
				8435C0252991537700413405 /* SwiftInvalid */,
				8435C03B2991537800413405 /* SwiftInvalidTests */,
				8435C0452991537800413405 /* SwiftInvalidUITests */,
			);
		};
/* End PBXProject section */

/* Begin PBXResourcesBuildPhase section */
		8435C0242991537700413405 /* Resources */ = {
			isa = PBXResourcesBuildPhase;
			buildActionMask = 2147483647;
			files = (
				8435C05D299157EC00413405 /* TabBar.storyboard in Resources */,
				8435C0362991537800413405 /* LaunchScreen.storyboard in Resources */,
				8435C0332991537800413405 /* Assets.xcassets in Resources */,
				8435C0312991537700413405 /* Main.storyboard in Resources */,
			);
			runOnlyForDeploymentPostprocessing = 0;
		};
		8435C03A2991537800413405 /* Resources */ = {
			isa = PBXResourcesBuildPhase;
			buildActionMask = 2147483647;
			files = (
			);
			runOnlyForDeploymentPostprocessing = 0;
		};
		8435C0442991537800413405 /* Resources */ = {
			isa = PBXResourcesBuildPhase;
			buildActionMask = 2147483647;
			files = (
			);
			runOnlyForDeploymentPostprocessing = 0;
		};
/* End PBXResourcesBuildPhase section */

/* Begin PBXShellScriptBuildPhase section */
		282895FA3995BB2BDCF45F14 /* [CP] Check Pods Manifest.lock */ = {
			isa = PBXShellScriptBuildPhase;
			buildActionMask = 2147483647;
			files = (
			);
			inputFileListPaths = (
			);
			inputPaths = (
				"${PODS_PODFILE_DIR_PATH}/Podfile.lock",
				"${PODS_ROOT}/Manifest.lock",
			);
			name = "[CP] Check Pods Manifest.lock";
			outputFileListPaths = (
			);
			outputPaths = (
				"$(DERIVED_FILE_DIR)/Pods-SwiftInvalid-checkManifestLockResult.txt",
			);
			runOnlyForDeploymentPostprocessing = 0;
			shellPath = /bin/sh;
			shellScript = "diff \"${PODS_PODFILE_DIR_PATH}/Podfile.lock\" \"${PODS_ROOT}/Manifest.lock\" > /dev/null\nif [ $? != 0 ] ; then\n    # print error to STDERR\n    echo \"error: The sandbox is not in sync with the Podfile.lock. Run 'pod install' or update your CocoaPods installation.\" >&2\n    exit 1\nfi\n# This output is used by Xcode 'outputs' to avoid re-running this script phase.\necho \"SUCCESS\" > \"${SCRIPT_OUTPUT_FILE_0}\"\n";
			showEnvVarsInLog = 0;
		};
		587458F579D3F1950A2C30FB /* [CP] Check Pods Manifest.lock */ = {
			isa = PBXShellScriptBuildPhase;
			buildActionMask = 2147483647;
			files = (
			);
			inputFileListPaths = (
			);
			inputPaths = (
				"${PODS_PODFILE_DIR_PATH}/Podfile.lock",
				"${PODS_ROOT}/Manifest.lock",
			);
			name = "[CP] Check Pods Manifest.lock";
			outputFileListPaths = (
			);
			outputPaths = (
				"$(DERIVED_FILE_DIR)/Pods-SwiftInvalidTests-checkManifestLockResult.txt",
			);
			runOnlyForDeploymentPostprocessing = 0;
			shellPath = /bin/sh;
			shellScript = "diff \"${PODS_PODFILE_DIR_PATH}/Podfile.lock\" \"${PODS_ROOT}/Manifest.lock\" > /dev/null\nif [ $? != 0 ] ; then\n    # print error to STDERR\n    echo \"error: The sandbox is not in sync with the Podfile.lock. Run 'pod install' or update your CocoaPods installation.\" >&2\n    exit 1\nfi\n# This output is used by Xcode 'outputs' to avoid re-running this script phase.\necho \"SUCCESS\" > \"${SCRIPT_OUTPUT_FILE_0}\"\n";
			showEnvVarsInLog = 0;
		};
		79F59DCF129187FBEE222D1C /* [CP] Embed Pods Frameworks */ = {
			isa = PBXShellScriptBuildPhase;
			buildActionMask = 2147483647;
			files = (
			);
			inputFileListPaths = (
				"${PODS_ROOT}/Target Support Files/Pods-SwiftInvalid/Pods-SwiftInvalid-frameworks-${CONFIGURATION}-input-files.xcfilelist",
			);
			name = "[CP] Embed Pods Frameworks";
			outputFileListPaths = (
				"${PODS_ROOT}/Target Support Files/Pods-SwiftInvalid/Pods-SwiftInvalid-frameworks-${CONFIGURATION}-output-files.xcfilelist",
			);
			runOnlyForDeploymentPostprocessing = 0;
			shellPath = /bin/sh;
			shellScript = "\"${PODS_ROOT}/Target Support Files/Pods-SwiftInvalid/Pods-SwiftInvalid-frameworks.sh\"\n";
			showEnvVarsInLog = 0;
		};
		89631D38F84C30B05C69C5AB /* [CP] Check Pods Manifest.lock */ = {
			isa = PBXShellScriptBuildPhase;
			buildActionMask = 2147483647;
			files = (
			);
			inputFileListPaths = (
			);
			inputPaths = (
				"${PODS_PODFILE_DIR_PATH}/Podfile.lock",
				"${PODS_ROOT}/Manifest.lock",
			);
			name = "[CP] Check Pods Manifest.lock";
			outputFileListPaths = (
			);
			outputPaths = (
				"$(DERIVED_FILE_DIR)/Pods-SwiftInvalidUITests-checkManifestLockResult.txt",
			);
			runOnlyForDeploymentPostprocessing = 0;
			shellPath = /bin/sh;
			shellScript = "diff \"${PODS_PODFILE_DIR_PATH}/Podfile.lock\" \"${PODS_ROOT}/Manifest.lock\" > /dev/null\nif [ $? != 0 ] ; then\n    # print error to STDERR\n    echo \"error: The sandbox is not in sync with the Podfile.lock. Run 'pod install' or update your CocoaPods installation.\" >&2\n    exit 1\nfi\n# This output is used by Xcode 'outputs' to avoid re-running this script phase.\necho \"SUCCESS\" > \"${SCRIPT_OUTPUT_FILE_0}\"\n";
			showEnvVarsInLog = 0;
		};
/* End PBXShellScriptBuildPhase section */

/* Begin PBXSourcesBuildPhase section */
		8435C0222991537700413405 /* Sources */ = {
			isa = PBXSourcesBuildPhase;
			buildActionMask = 2147483647;
			files = (
				844849C629D3355600FC1CF5 /* AnnouncementAndChallengeViewController.swift in Sources */,
				8448EBEE29CF4F5E00B88CC0 /* AboutSwiftViewController.swift in Sources */,
				844849A529D330E400FC1CF5 /* AssignmentOperatorsViewController.swift in Sources */,
				844849B629D332D400FC1CF5 /* FlowControlViewController.swift in Sources */,
				844849CA29D3358D00FC1CF5 /* ArgumentLabelsViewController.swift in Sources */,
				84C6D4BF29CEED2A0057A162 /* DictionariesViewController.swift in Sources */,
				8448EBF429CF5CC400B88CC0 /* CommentsViewController.swift in Sources */,
				8448499429D32D9800FC1CF5 /* ConcatenationViewController.swift in Sources */,
				8448499E29D32E2400FC1CF5 /* SubstringsViewController.swift in Sources */,
				8448EBFA29CF5ED100B88CC0 /* ConvertingNumericTypesViewController.swift in Sources */,
				844849BE29D3336600FC1CF5 /* TransmissionOperatorsViewController.swift in Sources */,
				844849C829D3356A00FC1CF5 /* FunctionParametersViewController.swift in Sources */,
				844849B329D331BC00FC1CF5 /* ComparisonOperatorsViewController.swift in Sources */,
				844849C029D3337C00FC1CF5 /* EarlyExitViewController.swift in Sources */,
				844849A929D3311B00FC1CF5 /* CompoundOperatorsViewController.swift in Sources */,
				844849CC29D335A500FC1CF5 /* FunctionalTypesViewController.swift in Sources */,
				84B27D7929C7088F00C840A7 /* Themes.swift in Sources */,
				844849AF29D3317400FC1CF5 /* RangeOperatorViewController.swift in Sources */,
				8448499829D32DCA00FC1CF5 /* UnicodeViewController.swift in Sources */,
				8448499029D32D4E00FC1CF5 /* StringLiteralsViewController.swift in Sources */,
				844849B829D3330300FC1CF5 /* CyclesForInViewController.swift in Sources */,
				84B27D7D29C735E400C840A7 /* multilineLinesViewController.swift in Sources */,
				8448EBF229CF5B6200B88CC0 /* LetAndVarViewController.swift in Sources */,
				8435C06529915D6700413405 /* HomeViewController.swift in Sources */,
				8448EBF829CF5DF800B88CC0 /* NumericLiteralsViewController.swift in Sources */,
				84C6D4C129CEF5130057A162 /* SetsViewController.swift in Sources */,
				844DEDF129BA44F20053A2DB /* LectureViewController.swift in Sources */,
				8435C02E2991537700413405 /* ViewController.swift in Sources */,
				844849C429D3353400FC1CF5 /* FunctionsViewController.swift in Sources */,
				84B27D8329C7369F00C840A7 /* ArrayViewController.swift in Sources */,
				8448499C29D32E0B00FC1CF5 /* ModificationViewController.swift in Sources */,
				8448EBF629CF5D5E00B88CC0 /* IntegersViewController.swift in Sources */,
				8448499229D32D6800FC1CF5 /* InitializationViewController.swift in Sources */,
				8435C06B29915D9900413405 /* ForUsViewController.swift in Sources */,
				8435C06D299163E600413405 /* LearnTableViewCell.swift in Sources */,
				844849A329D330C000FC1CF5 /* BasicOperatorsViewController.swift in Sources */,
				84B27D7B29C70A4600C840A7 /* dataTypesViewController.swift in Sources */,
				8448EBFC29CF5F9800B88CC0 /* TuplesViewController.swift in Sources */,
				844849BA29D3331900FC1CF5 /* CyclesWhileViewController.swift in Sources */,
				8448499A29D32DE700FC1CF5 /* CountingСharactersViewController.swift in Sources */,
				844849A029D32E4200FC1CF5 /* StringAlignmentViewController.swift in Sources */,
				8448EC0029CF618300B88CC0 /* StatementsAndPreconditionsViewController.swift in Sources */,
				844849BC29D3334B00FC1CF5 /* ConditionalInstructionsViewController.swift in Sources */,
				8435C05F29915C4600413405 /* TabBarController.swift in Sources */,
				844849AB29D3313700FC1CF5 /* TernaryOperatorViewController.swift in Sources */,
				844849AD29D3315B00FC1CF5 /* TheUnionOperatorViewController.swift in Sources */,
				8448EC0329CF62BF00B88CC0 /* AboutTypesViewController.swift in Sources */,
				8435C06929915D8900413405 /* ProgressViewController.swift in Sources */,
				84B27D7F29C7362C00C840A7 /* logicalTypesViewController.swift in Sources */,
				8435C02A2991537700413405 /* AppDelegate.swift in Sources */,
				8435C02C2991537700413405 /* SceneDelegate.swift in Sources */,
				8435C06729915D7800413405 /* LearnViewController.swift in Sources */,
				844849A729D3310100FC1CF5 /* ArithmeticOperatorsViewController.swift in Sources */,
				8448EBFE29CF60EF00B88CC0 /* OptionalTypesViewController.swift in Sources */,
				8448499629D32DAE00FC1CF5 /* InterpolationViewController.swift in Sources */,
				8448498E29D32D2300FC1CF5 /* StringsAndSymbolsViewController.swift in Sources */,
				844849B129D3318900FC1CF5 /* LogicalOperatorsViewController.swift in Sources */,
				8448EBF029CF59E100B88CC0 /* AnnotationOfTypesViewController.swift in Sources */,
			);
			runOnlyForDeploymentPostprocessing = 0;
		};
		8435C0382991537800413405 /* Sources */ = {
			isa = PBXSourcesBuildPhase;
			buildActionMask = 2147483647;
			files = (
				8435C0412991537800413405 /* SwiftInvalidTests.swift in Sources */,
			);
			runOnlyForDeploymentPostprocessing = 0;
		};
		8435C0422991537800413405 /* Sources */ = {
			isa = PBXSourcesBuildPhase;
			buildActionMask = 2147483647;
			files = (
				8435C04D2991537800413405 /* SwiftInvalidUITestsLaunchTests.swift in Sources */,
				8435C04B2991537800413405 /* SwiftInvalidUITests.swift in Sources */,
			);
			runOnlyForDeploymentPostprocessing = 0;
		};
/* End PBXSourcesBuildPhase section */

/* Begin PBXTargetDependency section */
		8435C03E2991537800413405 /* PBXTargetDependency */ = {
			isa = PBXTargetDependency;
			target = 8435C0252991537700413405 /* SwiftInvalid */;
			targetProxy = 8435C03D2991537800413405 /* PBXContainerItemProxy */;
		};
		8435C0482991537800413405 /* PBXTargetDependency */ = {
			isa = PBXTargetDependency;
			target = 8435C0252991537700413405 /* SwiftInvalid */;
			targetProxy = 8435C0472991537800413405 /* PBXContainerItemProxy */;
		};
/* End PBXTargetDependency section */

/* Begin PBXVariantGroup section */
		8435C02F2991537700413405 /* Main.storyboard */ = {
			isa = PBXVariantGroup;
			children = (
				8435C0302991537700413405 /* Base */,
			);
			name = Main.storyboard;
			sourceTree = "<group>";
		};
		8435C0342991537800413405 /* LaunchScreen.storyboard */ = {
			isa = PBXVariantGroup;
			children = (
				8435C0352991537800413405 /* Base */,
			);
			name = LaunchScreen.storyboard;
			sourceTree = "<group>";
		};
/* End PBXVariantGroup section */

/* Begin XCBuildConfiguration section */
		8435C04E2991537800413405 /* Debug */ = {
			isa = XCBuildConfiguration;
			buildSettings = {
				ALWAYS_SEARCH_USER_PATHS = NO;
				CLANG_ANALYZER_NONNULL = YES;
				CLANG_ANALYZER_NUMBER_OBJECT_CONVERSION = YES_AGGRESSIVE;
				CLANG_CXX_LANGUAGE_STANDARD = "gnu++20";
				CLANG_ENABLE_MODULES = YES;
				CLANG_ENABLE_OBJC_ARC = YES;
				CLANG_ENABLE_OBJC_WEAK = YES;
				CLANG_WARN_BLOCK_CAPTURE_AUTORELEASING = YES;
				CLANG_WARN_BOOL_CONVERSION = YES;
				CLANG_WARN_COMMA = YES;
				CLANG_WARN_CONSTANT_CONVERSION = YES;
				CLANG_WARN_DEPRECATED_OBJC_IMPLEMENTATIONS = YES;
				CLANG_WARN_DIRECT_OBJC_ISA_USAGE = YES_ERROR;
				CLANG_WARN_DOCUMENTATION_COMMENTS = YES;
				CLANG_WARN_EMPTY_BODY = YES;
				CLANG_WARN_ENUM_CONVERSION = YES;
				CLANG_WARN_INFINITE_RECURSION = YES;
				CLANG_WARN_INT_CONVERSION = YES;
				CLANG_WARN_NON_LITERAL_NULL_CONVERSION = YES;
				CLANG_WARN_OBJC_IMPLICIT_RETAIN_SELF = YES;
				CLANG_WARN_OBJC_LITERAL_CONVERSION = YES;
				CLANG_WARN_OBJC_ROOT_CLASS = YES_ERROR;
				CLANG_WARN_QUOTED_INCLUDE_IN_FRAMEWORK_HEADER = YES;
				CLANG_WARN_RANGE_LOOP_ANALYSIS = YES;
				CLANG_WARN_STRICT_PROTOTYPES = YES;
				CLANG_WARN_SUSPICIOUS_MOVE = YES;
				CLANG_WARN_UNGUARDED_AVAILABILITY = YES_AGGRESSIVE;
				CLANG_WARN_UNREACHABLE_CODE = YES;
				CLANG_WARN__DUPLICATE_METHOD_MATCH = YES;
				COPY_PHASE_STRIP = NO;
				DEBUG_INFORMATION_FORMAT = dwarf;
				ENABLE_STRICT_OBJC_MSGSEND = YES;
				ENABLE_TESTABILITY = YES;
				GCC_C_LANGUAGE_STANDARD = gnu11;
				GCC_DYNAMIC_NO_PIC = NO;
				GCC_NO_COMMON_BLOCKS = YES;
				GCC_OPTIMIZATION_LEVEL = 0;
				GCC_PREPROCESSOR_DEFINITIONS = (
					"DEBUG=1",
					"$(inherited)",
				);
				GCC_WARN_64_TO_32_BIT_CONVERSION = YES;
				GCC_WARN_ABOUT_RETURN_TYPE = YES_ERROR;
				GCC_WARN_UNDECLARED_SELECTOR = YES;
				GCC_WARN_UNINITIALIZED_AUTOS = YES_AGGRESSIVE;
				GCC_WARN_UNUSED_FUNCTION = YES;
				GCC_WARN_UNUSED_VARIABLE = YES;
				IPHONEOS_DEPLOYMENT_TARGET = 16.2;
				MTL_ENABLE_DEBUG_INFO = INCLUDE_SOURCE;
				MTL_FAST_MATH = YES;
				ONLY_ACTIVE_ARCH = YES;
				SDKROOT = iphoneos;
				SWIFT_ACTIVE_COMPILATION_CONDITIONS = DEBUG;
				SWIFT_OPTIMIZATION_LEVEL = "-Onone";
			};
			name = Debug;
		};
		8435C04F2991537800413405 /* Release */ = {
			isa = XCBuildConfiguration;
			buildSettings = {
				ALWAYS_SEARCH_USER_PATHS = NO;
				CLANG_ANALYZER_NONNULL = YES;
				CLANG_ANALYZER_NUMBER_OBJECT_CONVERSION = YES_AGGRESSIVE;
				CLANG_CXX_LANGUAGE_STANDARD = "gnu++20";
				CLANG_ENABLE_MODULES = YES;
				CLANG_ENABLE_OBJC_ARC = YES;
				CLANG_ENABLE_OBJC_WEAK = YES;
				CLANG_WARN_BLOCK_CAPTURE_AUTORELEASING = YES;
				CLANG_WARN_BOOL_CONVERSION = YES;
				CLANG_WARN_COMMA = YES;
				CLANG_WARN_CONSTANT_CONVERSION = YES;
				CLANG_WARN_DEPRECATED_OBJC_IMPLEMENTATIONS = YES;
				CLANG_WARN_DIRECT_OBJC_ISA_USAGE = YES_ERROR;
				CLANG_WARN_DOCUMENTATION_COMMENTS = YES;
				CLANG_WARN_EMPTY_BODY = YES;
				CLANG_WARN_ENUM_CONVERSION = YES;
				CLANG_WARN_INFINITE_RECURSION = YES;
				CLANG_WARN_INT_CONVERSION = YES;
				CLANG_WARN_NON_LITERAL_NULL_CONVERSION = YES;
				CLANG_WARN_OBJC_IMPLICIT_RETAIN_SELF = YES;
				CLANG_WARN_OBJC_LITERAL_CONVERSION = YES;
				CLANG_WARN_OBJC_ROOT_CLASS = YES_ERROR;
				CLANG_WARN_QUOTED_INCLUDE_IN_FRAMEWORK_HEADER = YES;
				CLANG_WARN_RANGE_LOOP_ANALYSIS = YES;
				CLANG_WARN_STRICT_PROTOTYPES = YES;
				CLANG_WARN_SUSPICIOUS_MOVE = YES;
				CLANG_WARN_UNGUARDED_AVAILABILITY = YES_AGGRESSIVE;
				CLANG_WARN_UNREACHABLE_CODE = YES;
				CLANG_WARN__DUPLICATE_METHOD_MATCH = YES;
				COPY_PHASE_STRIP = NO;
				DEBUG_INFORMATION_FORMAT = "dwarf-with-dsym";
				ENABLE_NS_ASSERTIONS = NO;
				ENABLE_STRICT_OBJC_MSGSEND = YES;
				GCC_C_LANGUAGE_STANDARD = gnu11;
				GCC_NO_COMMON_BLOCKS = YES;
				GCC_WARN_64_TO_32_BIT_CONVERSION = YES;
				GCC_WARN_ABOUT_RETURN_TYPE = YES_ERROR;
				GCC_WARN_UNDECLARED_SELECTOR = YES;
				GCC_WARN_UNINITIALIZED_AUTOS = YES_AGGRESSIVE;
				GCC_WARN_UNUSED_FUNCTION = YES;
				GCC_WARN_UNUSED_VARIABLE = YES;
				IPHONEOS_DEPLOYMENT_TARGET = 16.2;
				MTL_ENABLE_DEBUG_INFO = NO;
				MTL_FAST_MATH = YES;
				SDKROOT = iphoneos;
				SWIFT_COMPILATION_MODE = wholemodule;
				SWIFT_OPTIMIZATION_LEVEL = "-O";
				VALIDATE_PRODUCT = YES;
			};
			name = Release;
		};
		8435C0512991537800413405 /* Debug */ = {
			isa = XCBuildConfiguration;
			baseConfigurationReference = BE2968D162678C8E7378DFE2 /* Pods-SwiftInvalid.debug.xcconfig */;
			buildSettings = {
				ASSETCATALOG_COMPILER_APPICON_NAME = AppIcon;
				ASSETCATALOG_COMPILER_GLOBAL_ACCENT_COLOR_NAME = AccentColor;
				CODE_SIGN_STYLE = Automatic;
				CURRENT_PROJECT_VERSION = 1;
				DEVELOPMENT_TEAM = G39S469B22;
				GENERATE_INFOPLIST_FILE = YES;
				INFOPLIST_FILE = SwiftInvalid/Info.plist;
				INFOPLIST_KEY_UIApplicationSupportsIndirectInputEvents = YES;
				INFOPLIST_KEY_UILaunchStoryboardName = LaunchScreen;
				INFOPLIST_KEY_UIMainStoryboardFile = Main;
				INFOPLIST_KEY_UISupportedInterfaceOrientations_iPad = "UIInterfaceOrientationPortrait UIInterfaceOrientationPortraitUpsideDown UIInterfaceOrientationLandscapeLeft UIInterfaceOrientationLandscapeRight";
				INFOPLIST_KEY_UISupportedInterfaceOrientations_iPhone = "UIInterfaceOrientationPortrait UIInterfaceOrientationLandscapeLeft UIInterfaceOrientationLandscapeRight";
				LD_RUNPATH_SEARCH_PATHS = (
					"$(inherited)",
					"@executable_path/Frameworks",
				);
				MARKETING_VERSION = 1.0;
				PRODUCT_BUNDLE_IDENTIFIER = "-2.SwiftInvalid";
				PRODUCT_NAME = "$(TARGET_NAME)";
				SWIFT_EMIT_LOC_STRINGS = YES;
				SWIFT_VERSION = 5.0;
				TARGETED_DEVICE_FAMILY = "1,2";
			};
			name = Debug;
		};
		8435C0522991537800413405 /* Release */ = {
			isa = XCBuildConfiguration;
			baseConfigurationReference = 6196D346137D755D7D77F4CE /* Pods-SwiftInvalid.release.xcconfig */;
			buildSettings = {
				ASSETCATALOG_COMPILER_APPICON_NAME = AppIcon;
				ASSETCATALOG_COMPILER_GLOBAL_ACCENT_COLOR_NAME = AccentColor;
				CODE_SIGN_STYLE = Automatic;
				CURRENT_PROJECT_VERSION = 1;
				DEVELOPMENT_TEAM = G39S469B22;
				GENERATE_INFOPLIST_FILE = YES;
				INFOPLIST_FILE = SwiftInvalid/Info.plist;
				INFOPLIST_KEY_UIApplicationSupportsIndirectInputEvents = YES;
				INFOPLIST_KEY_UILaunchStoryboardName = LaunchScreen;
				INFOPLIST_KEY_UIMainStoryboardFile = Main;
				INFOPLIST_KEY_UISupportedInterfaceOrientations_iPad = "UIInterfaceOrientationPortrait UIInterfaceOrientationPortraitUpsideDown UIInterfaceOrientationLandscapeLeft UIInterfaceOrientationLandscapeRight";
				INFOPLIST_KEY_UISupportedInterfaceOrientations_iPhone = "UIInterfaceOrientationPortrait UIInterfaceOrientationLandscapeLeft UIInterfaceOrientationLandscapeRight";
				LD_RUNPATH_SEARCH_PATHS = (
					"$(inherited)",
					"@executable_path/Frameworks",
				);
				MARKETING_VERSION = 1.0;
				PRODUCT_BUNDLE_IDENTIFIER = "-2.SwiftInvalid";
				PRODUCT_NAME = "$(TARGET_NAME)";
				SWIFT_EMIT_LOC_STRINGS = YES;
				SWIFT_VERSION = 5.0;
				TARGETED_DEVICE_FAMILY = "1,2";
			};
			name = Release;
		};
		8435C0542991537800413405 /* Debug */ = {
			isa = XCBuildConfiguration;
			baseConfigurationReference = 69EBA45F02E340D9D7417889 /* Pods-SwiftInvalidTests.debug.xcconfig */;
			buildSettings = {
				ALWAYS_EMBED_SWIFT_STANDARD_LIBRARIES = YES;
				BUNDLE_LOADER = "$(TEST_HOST)";
				CODE_SIGN_STYLE = Automatic;
				CURRENT_PROJECT_VERSION = 1;
				DEVELOPMENT_TEAM = G39S469B22;
				GENERATE_INFOPLIST_FILE = YES;
				IPHONEOS_DEPLOYMENT_TARGET = 16.2;
				MARKETING_VERSION = 1.0;
				PRODUCT_BUNDLE_IDENTIFIER = "-2.SwiftInvalidTests";
				PRODUCT_NAME = "$(TARGET_NAME)";
				SWIFT_EMIT_LOC_STRINGS = NO;
				SWIFT_VERSION = 5.0;
				TARGETED_DEVICE_FAMILY = "1,2";
				TEST_HOST = "$(BUILT_PRODUCTS_DIR)/SwiftInvalid.app/$(BUNDLE_EXECUTABLE_FOLDER_PATH)/SwiftInvalid";
			};
			name = Debug;
		};
		8435C0552991537800413405 /* Release */ = {
			isa = XCBuildConfiguration;
			baseConfigurationReference = 651F3FA44245AA4406375EC0 /* Pods-SwiftInvalidTests.release.xcconfig */;
			buildSettings = {
				ALWAYS_EMBED_SWIFT_STANDARD_LIBRARIES = YES;
				BUNDLE_LOADER = "$(TEST_HOST)";
				CODE_SIGN_STYLE = Automatic;
				CURRENT_PROJECT_VERSION = 1;
				DEVELOPMENT_TEAM = G39S469B22;
				GENERATE_INFOPLIST_FILE = YES;
				IPHONEOS_DEPLOYMENT_TARGET = 16.2;
				MARKETING_VERSION = 1.0;
				PRODUCT_BUNDLE_IDENTIFIER = "-2.SwiftInvalidTests";
				PRODUCT_NAME = "$(TARGET_NAME)";
				SWIFT_EMIT_LOC_STRINGS = NO;
				SWIFT_VERSION = 5.0;
				TARGETED_DEVICE_FAMILY = "1,2";
				TEST_HOST = "$(BUILT_PRODUCTS_DIR)/SwiftInvalid.app/$(BUNDLE_EXECUTABLE_FOLDER_PATH)/SwiftInvalid";
			};
			name = Release;
		};
		8435C0572991537800413405 /* Debug */ = {
			isa = XCBuildConfiguration;
			baseConfigurationReference = 721E0E9A708EF0857E2A6B10 /* Pods-SwiftInvalidUITests.debug.xcconfig */;
			buildSettings = {
				ALWAYS_EMBED_SWIFT_STANDARD_LIBRARIES = YES;
				CODE_SIGN_STYLE = Automatic;
				CURRENT_PROJECT_VERSION = 1;
				DEVELOPMENT_TEAM = G39S469B22;
				GENERATE_INFOPLIST_FILE = YES;
				MARKETING_VERSION = 1.0;
				PRODUCT_BUNDLE_IDENTIFIER = "-2.SwiftInvalidUITests";
				PRODUCT_NAME = "$(TARGET_NAME)";
				SWIFT_EMIT_LOC_STRINGS = NO;
				SWIFT_VERSION = 5.0;
				TARGETED_DEVICE_FAMILY = "1,2";
				TEST_TARGET_NAME = SwiftInvalid;
			};
			name = Debug;
		};
		8435C0582991537800413405 /* Release */ = {
			isa = XCBuildConfiguration;
			baseConfigurationReference = 29839A8AEE35486EF7A9413A /* Pods-SwiftInvalidUITests.release.xcconfig */;
			buildSettings = {
				ALWAYS_EMBED_SWIFT_STANDARD_LIBRARIES = YES;
				CODE_SIGN_STYLE = Automatic;
				CURRENT_PROJECT_VERSION = 1;
				DEVELOPMENT_TEAM = G39S469B22;
				GENERATE_INFOPLIST_FILE = YES;
				MARKETING_VERSION = 1.0;
				PRODUCT_BUNDLE_IDENTIFIER = "-2.SwiftInvalidUITests";
				PRODUCT_NAME = "$(TARGET_NAME)";
				SWIFT_EMIT_LOC_STRINGS = NO;
				SWIFT_VERSION = 5.0;
				TARGETED_DEVICE_FAMILY = "1,2";
				TEST_TARGET_NAME = SwiftInvalid;
			};
			name = Release;
		};
/* End XCBuildConfiguration section */

/* Begin XCConfigurationList section */
		8435C0212991537700413405 /* Build configuration list for PBXProject "SwiftInvalid" */ = {
			isa = XCConfigurationList;
			buildConfigurations = (
				8435C04E2991537800413405 /* Debug */,
				8435C04F2991537800413405 /* Release */,
			);
			defaultConfigurationIsVisible = 0;
			defaultConfigurationName = Release;
		};
		8435C0502991537800413405 /* Build configuration list for PBXNativeTarget "SwiftInvalid" */ = {
			isa = XCConfigurationList;
			buildConfigurations = (
				8435C0512991537800413405 /* Debug */,
				8435C0522991537800413405 /* Release */,
			);
			defaultConfigurationIsVisible = 0;
			defaultConfigurationName = Release;
		};
		8435C0532991537800413405 /* Build configuration list for PBXNativeTarget "SwiftInvalidTests" */ = {
			isa = XCConfigurationList;
			buildConfigurations = (
				8435C0542991537800413405 /* Debug */,
				8435C0552991537800413405 /* Release */,
			);
			defaultConfigurationIsVisible = 0;
			defaultConfigurationName = Release;
		};
		8435C0562991537800413405 /* Build configuration list for PBXNativeTarget "SwiftInvalidUITests" */ = {
			isa = XCConfigurationList;
			buildConfigurations = (
				8435C0572991537800413405 /* Debug */,
				8435C0582991537800413405 /* Release */,
			);
			defaultConfigurationIsVisible = 0;
			defaultConfigurationName = Release;
		};
/* End XCConfigurationList section */
	};
	rootObject = 8435C01E2991537700413405 /* Project object */;
}
